{
  "name": "@hyuga/skills-lint",
  "version": "0.7.2",
  "lockfileVersion": 3,
  "requires": true,
  "packages": {
    "": {
      "name": "@hyuga/skills-lint",
      "version": "0.7.2",
      "license": "MIT",
      "bin": {
        "skills-lint": "src/check.mjs"
      },
      "engines": {
        "node": ">=18"
      }
    }
  }
}
